{
  "version": 4,
  "terraform_version": "0.12.24",
  "serial": 23,
  "lineage": "b6bea5a3-2f91-548a-7097-34af980a61c8",
  "outputs": {
    "fqdn": {
      "value": "terraria-azure-katbyte-me.westus2.cloudapp.azure.com",
      "type": "string"
    },
    "ip": {
      "value": "52.250.1.115",
      "type": "string"
    }
  },
  "resources": [
    {
      "mode": "managed",
      "type": "azurerm_linux_virtual_machine",
      "name": "vm",
      "provider": "provider.azurerm",
      "instances": [
        {
          "schema_version": 0,
          "attributes": {
            "additional_capabilities": [],
            "admin_password": null,
            "admin_ssh_key": [
              {
                "public_key": "ssh-rsa AAAAB3NzaC1yc2EAAAADAQABAAACAQCuRBwojvKE0auGE0GXmA80qZHVWKRbhaT/+9PEGwXzX0yi33ikT6nAYLdbjc9/1H4Tf7/5jBFJv/uI5L3zPSCIF048Kiajc4PSFgJp8EVj2LLsp20dhvqh8M5KmLBAGqWuqspnll5XPqOZtqEN4FM4Sw/Fr6CkhYF6v9RD7T0ZPtUg51xsP5NjK6U6syyCKehBfwAOKxnk9hAQC+vK9Rw9HiMlCEHfwNAJOBLBucAOJd8SjWBE22YxmpNYex6TfnopfLgoQ/DJ2dDkTQ8h5lXvzSc9O2jvm9w7vWhVE9sRyGsE+R/3MxAkvdTj+RMW91YTBF9C7XGSGsvlVgtxB0EIGHmRoUupkAD7DdaCoWS+sgfIO7XomTshB6HOmtiAqKO5Utu1YDJI27qzgqpVCAQLMipxKBSGStQAuSIobKYfA8nTSjDTwX5ZbYpQpqGEz5d+N7OfEM2F8CoYSlTg6m6dl/3qi8wdLhcPoO4TxzMP8rZokCm+KwILnaXfNM+3DWNqp5GT7t77PcPq4OCwn2piPw9UH2D4j6AAlsuFkyAQIl39xD/uc7/WNES4D71Twlo/Sk3tTbowDXrHMbar9bmmfRXCb/OcW1caUpRsmwPbH1+WcOjJYSzcFL1lvJoFrLpiQWK9yUTdKBt3zrVZFpEZBTfMAtbMw6YPtEEG7C/iPw== kt@snowbook",
                "username": "adminuser"
              }
            ],
            "admin_username": "adminuser",
            "allow_extension_operations": true,
            "availability_set_id": "",
            "boot_diagnostics": [],
            "computer_name": "terraria.azure.katbyte.me",
            "custom_data": null,
            "dedicated_host_id": "",
            "disable_password_authentication": true,
            "eviction_policy": "",
            "id": "/subscriptions/e64e981b-1f8e-493e-8789-008e594ff1a4/resourceGroups/terraria.azure.katbyte.me/providers/Microsoft.Compute/virtualMachines/terraria.azure.katbyte.me",
            "identity": [],
            "location": "westus2",
            "max_bid_price": -1,
            "name": "terraria.azure.katbyte.me",
            "network_interface_ids": [
              "/subscriptions/e64e981b-1f8e-493e-8789-008e594ff1a4/resourceGroups/terraria.azure.katbyte.me/providers/Microsoft.Network/networkInterfaces/terraria-nic"
            ],
            "os_disk": [
              {
                "caching": "ReadWrite",
                "diff_disk_settings": [],
                "disk_encryption_set_id": "",
                "disk_size_gb": 30,
                "name": "terraria.azure.katbyte.me_OsDisk_1_f91c5f0d72ee40e7aabb73dfe8a13ad3",
                "storage_account_type": "Standard_LRS",
                "write_accelerator_enabled": false
              }
            ],
            "plan": [],
            "priority": "Regular",
            "private_ip_address": "10.0.0.4",
            "private_ip_addresses": [
              "10.0.0.4"
            ],
            "provision_vm_agent": true,
            "proximity_placement_group_id": "",
            "public_ip_address": "52.250.1.115",
            "public_ip_addresses": [
              "52.250.1.115"
            ],
            "resource_group_name": "terraria.azure.katbyte.me",
            "secret": [],
            "size": "Standard_B2s",
            "source_image_id": "",
            "source_image_reference": [
              {
                "offer": "UbuntuServer",
                "publisher": "Canonical",
                "sku": "16.04-LTS",
                "version": "latest"
              }
            ],
            "tags": {},
            "timeouts": null,
            "virtual_machine_id": "9b59961a-6ddb-45e0-8bf0-4ad32f80dde2",
            "zone": ""
          },
          "private": "eyJlMmJmYjczMC1lY2FhLTExZTYtOGY4OC0zNDM2M2JjN2M0YzAiOnsiY3JlYXRlIjoyNzAwMDAwMDAwMDAwLCJkZWxldGUiOjI3MDAwMDAwMDAwMDAsInJlYWQiOjMwMDAwMDAwMDAwMCwidXBkYXRlIjoyNzAwMDAwMDAwMDAwfX0=",
          "dependencies": [
            "azurerm_network_interface.nic",
            "azurerm_resource_group.rg"
          ]
        }
      ]
    },
    {
      "mode": "managed",
      "type": "azurerm_network_interface",
      "name": "nic",
      "provider": "provider.azurerm",
      "instances": [
        {
          "schema_version": 0,
          "attributes": {
            "applied_dns_servers": [],
            "dns_servers": [],
            "enable_accelerated_networking": false,
            "enable_ip_forwarding": false,
            "id": "/subscriptions/e64e981b-1f8e-493e-8789-008e594ff1a4/resourceGroups/terraria.azure.katbyte.me/providers/Microsoft.Network/networkInterfaces/terraria-nic",
            "internal_dns_name_label": "",
            "internal_domain_name_suffix": "ztuxn5quheaudbhqpgitbjoosc.xx.internal.cloudapp.net",
            "ip_configuration": [
              {
                "name": "terraria-nic-ip",
                "primary": true,
                "private_ip_address": "10.0.0.4",
                "private_ip_address_allocation": "Dynamic",
                "private_ip_address_version": "IPv4",
                "public_ip_address_id": "/subscriptions/e64e981b-1f8e-493e-8789-008e594ff1a4/resourceGroups/terraria.azure.katbyte.me/providers/Microsoft.Network/publicIPAddresses/terraria-pip",
                "subnet_id": "/subscriptions/e64e981b-1f8e-493e-8789-008e594ff1a4/resourceGroups/terraria.azure.katbyte.me/providers/Microsoft.Network/virtualNetworks/terraria-vnet/subnets/terraria-subnet"
              }
            ],
            "location": "westus2",
            "mac_address": "00-0D-3A-C2-D9-19",
            "name": "terraria-nic",
            "private_ip_address": "10.0.0.4",
            "private_ip_addresses": [
              "10.0.0.4"
            ],
            "resource_group_name": "terraria.azure.katbyte.me",
            "tags": {},
            "timeouts": null,
            "virtual_machine_id": "/subscriptions/e64e981b-1f8e-493e-8789-008e594ff1a4/resourceGroups/terraria.azure.katbyte.me/providers/Microsoft.Compute/virtualMachines/terraria.azure.katbyte.me"
          },
          "private": "eyJlMmJmYjczMC1lY2FhLTExZTYtOGY4OC0zNDM2M2JjN2M0YzAiOnsiY3JlYXRlIjoxODAwMDAwMDAwMDAwLCJkZWxldGUiOjE4MDAwMDAwMDAwMDAsInJlYWQiOjMwMDAwMDAwMDAwMCwidXBkYXRlIjoxODAwMDAwMDAwMDAwfX0=",
          "dependencies": [
            "azurerm_public_ip.pip",
            "azurerm_resource_group.rg",
            "azurerm_subnet.sn"
          ]
        }
      ]
    },
    {
      "mode": "managed",
      "type": "azurerm_public_ip",
      "name": "pip",
      "provider": "provider.azurerm",
      "instances": [
        {
          "schema_version": 0,
          "attributes": {
            "allocation_method": "Static",
            "domain_name_label": "terraria-azure-katbyte-me",
            "fqdn": "terraria-azure-katbyte-me.westus2.cloudapp.azure.com",
            "id": "/subscriptions/e64e981b-1f8e-493e-8789-008e594ff1a4/resourceGroups/terraria.azure.katbyte.me/providers/Microsoft.Network/publicIPAddresses/terraria-pip",
            "idle_timeout_in_minutes": 4,
            "ip_address": "52.250.1.115",
            "ip_version": "IPv4",
            "location": "westus2",
            "name": "terraria-pip",
            "public_ip_prefix_id": null,
            "resource_group_name": "terraria.azure.katbyte.me",
            "reverse_fqdn": "",
            "sku": "Basic",
            "tags": {},
            "timeouts": null,
            "zones": []
          },
          "private": "eyJlMmJmYjczMC1lY2FhLTExZTYtOGY4OC0zNDM2M2JjN2M0YzAiOnsiY3JlYXRlIjoxODAwMDAwMDAwMDAwLCJkZWxldGUiOjE4MDAwMDAwMDAwMDAsInJlYWQiOjMwMDAwMDAwMDAwMCwidXBkYXRlIjoxODAwMDAwMDAwMDAwfX0=",
          "dependencies": [
            "azurerm_resource_group.rg"
          ]
        }
      ]
    },
    {
      "mode": "managed",
      "type": "azurerm_resource_group",
      "name": "rg",
      "provider": "provider.azurerm",
      "instances": [
        {
          "schema_version": 0,
          "attributes": {
            "id": "/subscriptions/e64e981b-1f8e-493e-8789-008e594ff1a4/resourceGroups/terraria.azure.katbyte.me",
            "location": "westus2",
            "name": "terraria.azure.katbyte.me",
            "tags": {},
            "timeouts": null
          },
          "private": "eyJlMmJmYjczMC1lY2FhLTExZTYtOGY4OC0zNDM2M2JjN2M0YzAiOnsiY3JlYXRlIjo1NDAwMDAwMDAwMDAwLCJkZWxldGUiOjU0MDAwMDAwMDAwMDAsInJlYWQiOjMwMDAwMDAwMDAwMCwidXBkYXRlIjo1NDAwMDAwMDAwMDAwfX0="
        }
      ]
    },
    {
      "mode": "managed",
      "type": "azurerm_subnet",
      "name": "sn",
      "provider": "provider.azurerm",
      "instances": [
        {
          "schema_version": 0,
          "attributes": {
            "address_prefix": "10.0.0.0/24",
            "address_prefixes": [
              "10.0.0.0/24"
            ],
            "delegation": [],
            "enforce_private_link_endpoint_network_policies": false,
            "enforce_private_link_service_network_policies": false,
            "id": "/subscriptions/e64e981b-1f8e-493e-8789-008e594ff1a4/resourceGroups/terraria.azure.katbyte.me/providers/Microsoft.Network/virtualNetworks/terraria-vnet/subnets/terraria-subnet",
            "name": "terraria-subnet",
            "resource_group_name": "terraria.azure.katbyte.me",
            "service_endpoints": [],
            "timeouts": null,
            "virtual_network_name": "terraria-vnet"
          },
          "private": "eyJlMmJmYjczMC1lY2FhLTExZTYtOGY4OC0zNDM2M2JjN2M0YzAiOnsiY3JlYXRlIjoxODAwMDAwMDAwMDAwLCJkZWxldGUiOjE4MDAwMDAwMDAwMDAsInJlYWQiOjMwMDAwMDAwMDAwMCwidXBkYXRlIjoxODAwMDAwMDAwMDAwfX0=",
          "dependencies": [
            "azurerm_resource_group.rg",
            "azurerm_virtual_network.vn"
          ]
        }
      ]
    },
    {
      "mode": "managed",
      "type": "azurerm_virtual_network",
      "name": "vn",
      "provider": "provider.azurerm",
      "instances": [
        {
          "schema_version": 0,
          "attributes": {
            "address_space": [
              "10.0.0.0/8"
            ],
            "ddos_protection_plan": [],
            "dns_servers": [],
            "guid": "fe76e9cc-3914-4101-84f0-799130a5ce92",
            "id": "/subscriptions/e64e981b-1f8e-493e-8789-008e594ff1a4/resourceGroups/terraria.azure.katbyte.me/providers/Microsoft.Network/virtualNetworks/terraria-vnet",
            "location": "westus2",
            "name": "terraria-vnet",
            "resource_group_name": "terraria.azure.katbyte.me",
            "subnet": [
              {
                "address_prefix": "10.0.0.0/24",
                "id": "/subscriptions/e64e981b-1f8e-493e-8789-008e594ff1a4/resourceGroups/terraria.azure.katbyte.me/providers/Microsoft.Network/virtualNetworks/terraria-vnet/subnets/terraria-subnet",
                "name": "terraria-subnet",
                "security_group": ""
              }
            ],
            "tags": {},
            "timeouts": null
          },
          "private": "eyJlMmJmYjczMC1lY2FhLTExZTYtOGY4OC0zNDM2M2JjN2M0YzAiOnsiY3JlYXRlIjoxODAwMDAwMDAwMDAwLCJkZWxldGUiOjE4MDAwMDAwMDAwMDAsInJlYWQiOjMwMDAwMDAwMDAwMCwidXBkYXRlIjoxODAwMDAwMDAwMDAwfX0=",
          "dependencies": [
            "azurerm_resource_group.rg"
          ]
        }
      ]
    }
  ]
}
